
Microsoft Visual Studio Solution File, Format Version 12.00
Project("{FAE04EC0-301F-11D3-BF4B-00C04F79EFBC}") = "Agdir.GlobalFieldId", "Agdir.GlobalFieldId\Agdir.GlobalFieldId.csproj", "{315DA611-96E6-45F6-B215-74C269C51B24}"
EndProject
Project("{FAE04EC0-301F-11D3-BF4B-00C04F79EFBC}") = "Agdir.GlobalFieldId.Tests", "Agdir.GlobalFieldId.Tests\Agdir.GlobalFieldId.Tests.csproj", "{2278C9E2-9607-4921-926D-58ADCF927580}"
EndProject
Global
	GlobalSection(SolutionConfigurationPlatforms) = preSolution
		Debug|Any CPU = Debug|Any CPU
		Release|Any CPU = Release|Any CPU
	EndGlobalSection
	GlobalSection(ProjectConfigurationPlatforms) = postSolution
		{315DA611-96E6-45F6-B215-74C269C51B24}.Debug|Any CPU.ActiveCfg = Debug|Any CPU
		{315DA611-96E6-45F6-B215-74C269C51B24}.Debug|Any CPU.Build.0 = Debug|Any CPU
		{315DA611-96E6-45F6-B215-74C269C51B24}.Release|Any CPU.ActiveCfg = Release|Any CPU
		{315DA611-96E6-45F6-B215-74C269C51B24}.Release|Any CPU.Build.0 = Release|Any CPU
		{2278C9E2-9607-4921-926D-58ADCF927580}.Debug|Any CPU.ActiveCfg = Debug|Any CPU
		{2278C9E2-9607-4921-926D-58ADCF927580}.Debug|Any CPU.Build.0 = Debug|Any CPU
		{2278C9E2-9607-4921-926D-58ADCF927580}.Release|Any CPU.ActiveCfg = Release|Any CPU
		{2278C9E2-9607-4921-926D-58ADCF927580}.Release|Any CPU.Build.0 = Release|Any CPU
	EndGlobalSection
EndGlobal
